
Microsoft Visual Studio Solution File, Format Version 12.00
# Visual Studio 2012
Project("{FAE04EC0-301F-11D3-BF4B-00C04F79EFBC}") = "SistemaDeGestaoDeCarteriaDeAcoes", "SistemaDeGestaoDeCarteriaDeAcoes\SistemaDeGestaoDeCarteriaDeAcoes.csproj", "{DD6B3B90-C85A-49CB-B98A-00CB555CB5BF}"
EndProject
Project("{FAE04EC0-301F-11D3-BF4B-00C04F79EFBC}") = "SistemaDeGestaoDeCarteriaDeAcoes.Tests", "SistemaDeGestaoDeCarteriaDeAcoes.Tests\SistemaDeGestaoDeCarteriaDeAcoes.Tests.csproj", "{221F6AE7-0A13-4533-92DD-7961F761C12B}"
EndProject
Project("{FAE04EC0-301F-11D3-BF4B-00C04F79EFBC}") = "Domain", "Domain\Domain.csproj", "{AF6A5F38-CD03-40B2-893D-500E6D92E3E1}"
EndProject
Project("{FAE04EC0-301F-11D3-BF4B-00C04F79EFBC}") = "Infraestrutura", "Infraestrutura\Infraestrutura.csproj", "{92FF217C-BF07-4F3A-A806-2A88F998E96C}"
EndProject
Project("{FAE04EC0-301F-11D3-BF4B-00C04F79EFBC}") = "AdapterLog", "..\..\ExemplosModulo2\ExemplosHandsOn\AdapterLog\AdapterLog.csproj", "{23074060-070E-41DA-BF02-934367797B5D}"
EndProject
Project("{FAE04EC0-301F-11D3-BF4B-00C04F79EFBC}") = "DecoratorFormatandoTextos", "..\..\ExemplosModulo2\ExemplosHandsOn\DecoratorFormatandoTextos\DecoratorFormatandoTextos.csproj", "{C8DF7313-5789-4EC7-82CB-51C8C71F2799}"
EndProject
Project("{FAE04EC0-301F-11D3-BF4B-00C04F79EFBC}") = "Factory", "..\..\ExemplosModulo2\ExemplosHandsOn\Factory\Factory.csproj", "{FA2607AC-E733-4F94-8019-C7009E5419EA}"
EndProject
Project("{FAE04EC0-301F-11D3-BF4B-00C04F79EFBC}") = "FactoryPagamento", "..\..\ExemplosModulo2\ExemplosHandsOn\FactoryPagamento\FactoryPagamento.csproj", "{85FD76D1-11BD-480C-A6E2-B98F5B77A633}"
EndProject
Project("{FAE04EC0-301F-11D3-BF4B-00C04F79EFBC}") = "ObserverChegadaDeArquivo", "..\..\ExemplosModulo2\ExemplosHandsOn\ObserverChegadaDeArquivo\ObserverChegadaDeArquivo.csproj", "{7FA1AFE9-779E-4769-B938-6C3FD6B3DD27}"
EndProject
Project("{FAE04EC0-301F-11D3-BF4B-00C04F79EFBC}") = "SingletonConexao", "..\..\ExemplosModulo2\ExemplosHandsOn\SingletonConexao\SingletonConexao.csproj", "{4AA5F6E6-162A-48B7-A7CB-5D8F0ACC0B90}"
EndProject
Project("{FAE04EC0-301F-11D3-BF4B-00C04F79EFBC}") = "TestesUnitarios", "..\..\ExemplosModulo2\ExemplosHandsOn\TestesUnitarios\TestesUnitarios.csproj", "{5727EC22-6F16-47F5-ACA4-C3DF0C351A70}"
EndProject
Project("{FAE04EC0-301F-11D3-BF4B-00C04F79EFBC}") = "CommandTV", "..\..\ExemplosModulo2\ExemplosHandsOn\CommandTV\CommandTV.csproj", "{6DCA47A7-0CFC-48E9-91E1-66BA0CB5A8F1}"
EndProject
Project("{FAE04EC0-301F-11D3-BF4B-00C04F79EFBC}") = "Adapter", "..\..\..\..\Desktop\ExemplosModulo2\ExemplosModulo2\Adapter\Adapter.csproj", "{06823DA6-E8E7-4302-B857-AEABA466036E}"
EndProject
Project("{FAE04EC0-301F-11D3-BF4B-00C04F79EFBC}") = "AplicacaoParaRefactoringCompraEVendaDeAcoes", "..\..\..\..\Desktop\ExemplosModulo2\ExemplosModulo2\AplicacaoParaRefactoringCompraEVendaDeAcoes\AplicacaoParaRefactoringCompraEVendaDeAcoes.csproj", "{115BF767-22BA-41D0-BEB6-327855848394}"
EndProject
Project("{FAE04EC0-301F-11D3-BF4B-00C04F79EFBC}") = "Command", "..\..\..\..\Desktop\ExemplosModulo2\ExemplosModulo2\Command\Command.csproj", "{5E2C2DDE-A08B-45B3-9DD5-5C05FF6A3B07}"
EndProject
Project("{FAE04EC0-301F-11D3-BF4B-00C04F79EFBC}") = "Decorator", "..\..\..\..\Desktop\ExemplosModulo2\ExemplosModulo2\Decorator\Decorator.csproj", "{5DA9E20D-6155-40A5-A078-A6ED629DEA29}"
EndProject
Project("{FAE04EC0-301F-11D3-BF4B-00C04F79EFBC}") = "ExemplosModulo2.SingletonCMD", "..\..\..\..\Desktop\ExemplosModulo2\ExemplosModulo2\ExemplosModulo2\ExemplosModulo2.SingletonCMD.csproj", "{424F6D5B-B075-48BD-921B-0A7A0912209E}"
EndProject
Project("{FAE04EC0-301F-11D3-BF4B-00C04F79EFBC}") = "ExemplosModulo2.AdapterCMD", "..\..\..\..\Desktop\ExemplosModulo2\ExemplosModulo2\ExemplosModulo2.Adapter\ExemplosModulo2.AdapterCMD.csproj", "{1C547D65-D0E9-46DD-BC8C-1A1B908CE157}"
EndProject
Project("{FAE04EC0-301F-11D3-BF4B-00C04F79EFBC}") = "ExemplosModulo2.CommandCMD", "..\..\..\..\Desktop\ExemplosModulo2\ExemplosModulo2\ExemplosModulo2.Command\ExemplosModulo2.CommandCMD.csproj", "{DB522F5B-3659-4BF4-A7E1-4B3EB8CADEC1}"
EndProject
Project("{FAE04EC0-301F-11D3-BF4B-00C04F79EFBC}") = "ExemplosModulo2.DecoratorCMD", "..\..\..\..\Desktop\ExemplosModulo2\ExemplosModulo2\ExemplosModulo2.DecoratorCMD\ExemplosModulo2.DecoratorCMD.csproj", "{FDA552F7-A792-4F4E-AF3A-81626EC4C184}"
EndProject
Project("{FAE04EC0-301F-11D3-BF4B-00C04F79EFBC}") = "ExemplosModulo2.FacadeCMD", "..\..\..\..\Desktop\ExemplosModulo2\ExemplosModulo2\ExemplosModulo2.Facade\ExemplosModulo2.FacadeCMD.csproj", "{1FED8D18-0BF6-4DE5-BC58-7C5DA8F5CA2D}"
EndProject
Project("{FAE04EC0-301F-11D3-BF4B-00C04F79EFBC}") = "ExemplosModulo2.ObserverCMD", "..\..\..\..\Desktop\ExemplosModulo2\ExemplosModulo2\ExemplosModulo2.Observer\ExemplosModulo2.ObserverCMD.csproj", "{A79D9FD3-3D31-492E-97F2-FF016FFDAE1F}"
EndProject
Project("{FAE04EC0-301F-11D3-BF4B-00C04F79EFBC}") = "ExemplosModulo2.TemplateMethodCMD", "..\..\..\..\Desktop\ExemplosModulo2\ExemplosModulo2\ExemplosModulo2.TemplateMethod\ExemplosModulo2.TemplateMethodCMD.csproj", "{FA223FCD-4D6C-4C06-9A7A-542E9284EBD6}"
EndProject
Project("{FAE04EC0-301F-11D3-BF4B-00C04F79EFBC}") = "ExercicioDecorator", "..\..\..\..\Desktop\ExemplosModulo2\ExemplosModulo2\ExercicioDecorator\ExercicioDecorator.csproj", "{DD55D5D1-AFFC-4825-BBF7-E20230517A7E}"
EndProject
Project("{FAE04EC0-301F-11D3-BF4B-00C04F79EFBC}") = "Facade", "..\..\..\..\Desktop\ExemplosModulo2\ExemplosModulo2\Facade\Facade.csproj", "{918C3DA9-67DC-43A5-9240-D1D5276447A8}"
EndProject
Project("{FAE04EC0-301F-11D3-BF4B-00C04F79EFBC}") = "ExemplosModulo2.FactoryMethodCMD", "..\..\..\..\Desktop\ExemplosModulo2\ExemplosModulo2\FactoryMethod\ExemplosModulo2.FactoryMethodCMD.csproj", "{7FF3FCF7-58F2-4AA3-AB60-0496BD300D72}"
EndProject
Project("{FAE04EC0-301F-11D3-BF4B-00C04F79EFBC}") = "FactoryMethodn", "..\..\..\..\Desktop\ExemplosModulo2\ExemplosModulo2\FactoryMethodn\FactoryMethodn.csproj", "{D23422CD-DBFF-4F2D-96A2-5FF235261A0B}"
EndProject
Project("{FAE04EC0-301F-11D3-BF4B-00C04F79EFBC}") = "Observer", "..\..\..\..\Desktop\ExemplosModulo2\ExemplosModulo2\Observer\Observer.csproj", "{4601CFB5-20CE-418E-9DB6-0622E9B38BA1}"
EndProject
Project("{FAE04EC0-301F-11D3-BF4B-00C04F79EFBC}") = "Singleton", "..\..\..\..\Desktop\ExemplosModulo2\ExemplosModulo2\Singleton\Singleton.csproj", "{D07C3835-1CAE-4CF1-A26C-4AD80EDBE3B8}"
EndProject
Project("{FAE04EC0-301F-11D3-BF4B-00C04F79EFBC}") = "TemplateMethod", "..\..\..\..\Desktop\ExemplosModulo2\ExemplosModulo2\TemplateMethod\TemplateMethod.csproj", "{1192185D-A16C-401E-8330-1941B7F115CD}"
EndProject
Project("{FAE04EC0-301F-11D3-BF4B-00C04F79EFBC}") = "TesteFormatacao", "..\..\..\..\Desktop\ExemplosModulo2\ExemplosModulo2\TesteFormatacao\TesteFormatacao.csproj", "{2C15DC6E-501E-4284-9D66-393F67B1AC6C}"
EndProject
Global
	GlobalSection(SolutionConfigurationPlatforms) = preSolution
		Debug|Any CPU = Debug|Any CPU
		Debug|Mixed Platforms = Debug|Mixed Platforms
		Debug|x86 = Debug|x86
		Release|Any CPU = Release|Any CPU
		Release|Mixed Platforms = Release|Mixed Platforms
		Release|x86 = Release|x86
	EndGlobalSection
	GlobalSection(ProjectConfigurationPlatforms) = postSolution
		{DD6B3B90-C85A-49CB-B98A-00CB555CB5BF}.Debug|Any CPU.ActiveCfg = Debug|Any CPU
		{DD6B3B90-C85A-49CB-B98A-00CB555CB5BF}.Debug|Any CPU.Build.0 = Debug|Any CPU
		{DD6B3B90-C85A-49CB-B98A-00CB555CB5BF}.Debug|Mixed Platforms.ActiveCfg = Debug|Any CPU
		{DD6B3B90-C85A-49CB-B98A-00CB555CB5BF}.Debug|Mixed Platforms.Build.0 = Debug|Any CPU
		{DD6B3B90-C85A-49CB-B98A-00CB555CB5BF}.Debug|x86.ActiveCfg = Debug|Any CPU
		{DD6B3B90-C85A-49CB-B98A-00CB555CB5BF}.Release|Any CPU.ActiveCfg = Release|Any CPU
		{DD6B3B90-C85A-49CB-B98A-00CB555CB5BF}.Release|Any CPU.Build.0 = Release|Any CPU
		{DD6B3B90-C85A-49CB-B98A-00CB555CB5BF}.Release|Mixed Platforms.ActiveCfg = Release|Any CPU
		{DD6B3B90-C85A-49CB-B98A-00CB555CB5BF}.Release|Mixed Platforms.Build.0 = Release|Any CPU
		{DD6B3B90-C85A-49CB-B98A-00CB555CB5BF}.Release|x86.ActiveCfg = Release|Any CPU
		{221F6AE7-0A13-4533-92DD-7961F761C12B}.Debug|Any CPU.ActiveCfg = Debug|Any CPU
		{221F6AE7-0A13-4533-92DD-7961F761C12B}.Debug|Any CPU.Build.0 = Debug|Any CPU
		{221F6AE7-0A13-4533-92DD-7961F761C12B}.Debug|Mixed Platforms.ActiveCfg = Debug|Any CPU
		{221F6AE7-0A13-4533-92DD-7961F761C12B}.Debug|Mixed Platforms.Build.0 = Debug|Any CPU
		{221F6AE7-0A13-4533-92DD-7961F761C12B}.Debug|x86.ActiveCfg = Debug|Any CPU
		{221F6AE7-0A13-4533-92DD-7961F761C12B}.Release|Any CPU.ActiveCfg = Release|Any CPU
		{221F6AE7-0A13-4533-92DD-7961F761C12B}.Release|Any CPU.Build.0 = Release|Any CPU
		{221F6AE7-0A13-4533-92DD-7961F761C12B}.Release|Mixed Platforms.ActiveCfg = Release|Any CPU
		{221F6AE7-0A13-4533-92DD-7961F761C12B}.Release|Mixed Platforms.Build.0 = Release|Any CPU
		{221F6AE7-0A13-4533-92DD-7961F761C12B}.Release|x86.ActiveCfg = Release|Any CPU
		{AF6A5F38-CD03-40B2-893D-500E6D92E3E1}.Debug|Any CPU.ActiveCfg = Debug|Any CPU
		{AF6A5F38-CD03-40B2-893D-500E6D92E3E1}.Debug|Any CPU.Build.0 = Debug|Any CPU
		{AF6A5F38-CD03-40B2-893D-500E6D92E3E1}.Debug|Mixed Platforms.ActiveCfg = Debug|Any CPU
		{AF6A5F38-CD03-40B2-893D-500E6D92E3E1}.Debug|Mixed Platforms.Build.0 = Debug|Any CPU
		{AF6A5F38-CD03-40B2-893D-500E6D92E3E1}.Debug|x86.ActiveCfg = Debug|Any CPU
		{AF6A5F38-CD03-40B2-893D-500E6D92E3E1}.Release|Any CPU.ActiveCfg = Release|Any CPU
		{AF6A5F38-CD03-40B2-893D-500E6D92E3E1}.Release|Any CPU.Build.0 = Release|Any CPU
		{AF6A5F38-CD03-40B2-893D-500E6D92E3E1}.Release|Mixed Platforms.ActiveCfg = Release|Any CPU
		{AF6A5F38-CD03-40B2-893D-500E6D92E3E1}.Release|Mixed Platforms.Build.0 = Release|Any CPU
		{AF6A5F38-CD03-40B2-893D-500E6D92E3E1}.Release|x86.ActiveCfg = Release|Any CPU
		{92FF217C-BF07-4F3A-A806-2A88F998E96C}.Debug|Any CPU.ActiveCfg = Debug|Any CPU
		{92FF217C-BF07-4F3A-A806-2A88F998E96C}.Debug|Any CPU.Build.0 = Debug|Any CPU
		{92FF217C-BF07-4F3A-A806-2A88F998E96C}.Debug|Mixed Platforms.ActiveCfg = Debug|Any CPU
		{92FF217C-BF07-4F3A-A806-2A88F998E96C}.Debug|Mixed Platforms.Build.0 = Debug|Any CPU
		{92FF217C-BF07-4F3A-A806-2A88F998E96C}.Debug|x86.ActiveCfg = Debug|Any CPU
		{92FF217C-BF07-4F3A-A806-2A88F998E96C}.Release|Any CPU.ActiveCfg = Release|Any CPU
		{92FF217C-BF07-4F3A-A806-2A88F998E96C}.Release|Any CPU.Build.0 = Release|Any CPU
		{92FF217C-BF07-4F3A-A806-2A88F998E96C}.Release|Mixed Platforms.ActiveCfg = Release|Any CPU
		{92FF217C-BF07-4F3A-A806-2A88F998E96C}.Release|Mixed Platforms.Build.0 = Release|Any CPU
		{92FF217C-BF07-4F3A-A806-2A88F998E96C}.Release|x86.ActiveCfg = Release|Any CPU
		{23074060-070E-41DA-BF02-934367797B5D}.Debug|Any CPU.ActiveCfg = Debug|Any CPU
		{23074060-070E-41DA-BF02-934367797B5D}.Debug|Any CPU.Build.0 = Debug|Any CPU
		{23074060-070E-41DA-BF02-934367797B5D}.Debug|Mixed Platforms.ActiveCfg = Debug|Any CPU
		{23074060-070E-41DA-BF02-934367797B5D}.Debug|Mixed Platforms.Build.0 = Debug|Any CPU
		{23074060-070E-41DA-BF02-934367797B5D}.Debug|x86.ActiveCfg = Debug|Any CPU
		{23074060-070E-41DA-BF02-934367797B5D}.Release|Any CPU.ActiveCfg = Release|Any CPU
		{23074060-070E-41DA-BF02-934367797B5D}.Release|Any CPU.Build.0 = Release|Any CPU
		{23074060-070E-41DA-BF02-934367797B5D}.Release|Mixed Platforms.ActiveCfg = Release|Any CPU
		{23074060-070E-41DA-BF02-934367797B5D}.Release|Mixed Platforms.Build.0 = Release|Any CPU
		{23074060-070E-41DA-BF02-934367797B5D}.Release|x86.ActiveCfg = Release|Any CPU
		{C8DF7313-5789-4EC7-82CB-51C8C71F2799}.Debug|Any CPU.ActiveCfg = Debug|Any CPU
		{C8DF7313-5789-4EC7-82CB-51C8C71F2799}.Debug|Any CPU.Build.0 = Debug|Any CPU
		{C8DF7313-5789-4EC7-82CB-51C8C71F2799}.Debug|Mixed Platforms.ActiveCfg = Debug|Any CPU
		{C8DF7313-5789-4EC7-82CB-51C8C71F2799}.Debug|Mixed Platforms.Build.0 = Debug|Any CPU
		{C8DF7313-5789-4EC7-82CB-51C8C71F2799}.Debug|x86.ActiveCfg = Debug|Any CPU
		{C8DF7313-5789-4EC7-82CB-51C8C71F2799}.Release|Any CPU.ActiveCfg = Release|Any CPU
		{C8DF7313-5789-4EC7-82CB-51C8C71F2799}.Release|Any CPU.Build.0 = Release|Any CPU
		{C8DF7313-5789-4EC7-82CB-51C8C71F2799}.Release|Mixed Platforms.ActiveCfg = Release|Any CPU
		{C8DF7313-5789-4EC7-82CB-51C8C71F2799}.Release|Mixed Platforms.Build.0 = Release|Any CPU
		{C8DF7313-5789-4EC7-82CB-51C8C71F2799}.Release|x86.ActiveCfg = Release|Any CPU
		{FA2607AC-E733-4F94-8019-C7009E5419EA}.Debug|Any CPU.ActiveCfg = Debug|Any CPU
		{FA2607AC-E733-4F94-8019-C7009E5419EA}.Debug|Any CPU.Build.0 = Debug|Any CPU
		{FA2607AC-E733-4F94-8019-C7009E5419EA}.Debug|Mixed Platforms.ActiveCfg = Debug|Any CPU
		{FA2607AC-E733-4F94-8019-C7009E5419EA}.Debug|Mixed Platforms.Build.0 = Debug|Any CPU
		{FA2607AC-E733-4F94-8019-C7009E5419EA}.Debug|x86.ActiveCfg = Debug|Any CPU
		{FA2607AC-E733-4F94-8019-C7009E5419EA}.Release|Any CPU.ActiveCfg = Release|Any CPU
		{FA2607AC-E733-4F94-8019-C7009E5419EA}.Release|Any CPU.Build.0 = Release|Any CPU
		{FA2607AC-E733-4F94-8019-C7009E5419EA}.Release|Mixed Platforms.ActiveCfg = Release|Any CPU
		{FA2607AC-E733-4F94-8019-C7009E5419EA}.Release|Mixed Platforms.Build.0 = Release|Any CPU
		{FA2607AC-E733-4F94-8019-C7009E5419EA}.Release|x86.ActiveCfg = Release|Any CPU
		{85FD76D1-11BD-480C-A6E2-B98F5B77A633}.Debug|Any CPU.ActiveCfg = Debug|Any CPU
		{85FD76D1-11BD-480C-A6E2-B98F5B77A633}.Debug|Any CPU.Build.0 = Debug|Any CPU
		{85FD76D1-11BD-480C-A6E2-B98F5B77A633}.Debug|Mixed Platforms.ActiveCfg = Debug|Any CPU
		{85FD76D1-11BD-480C-A6E2-B98F5B77A633}.Debug|Mixed Platforms.Build.0 = Debug|Any CPU
		{85FD76D1-11BD-480C-A6E2-B98F5B77A633}.Debug|x86.ActiveCfg = Debug|Any CPU
		{85FD76D1-11BD-480C-A6E2-B98F5B77A633}.Release|Any CPU.ActiveCfg = Release|Any CPU
		{85FD76D1-11BD-480C-A6E2-B98F5B77A633}.Release|Any CPU.Build.0 = Release|Any CPU
		{85FD76D1-11BD-480C-A6E2-B98F5B77A633}.Release|Mixed Platforms.ActiveCfg = Release|Any CPU
		{85FD76D1-11BD-480C-A6E2-B98F5B77A633}.Release|Mixed Platforms.Build.0 = Release|Any CPU
		{85FD76D1-11BD-480C-A6E2-B98F5B77A633}.Release|x86.ActiveCfg = Release|Any CPU
		{7FA1AFE9-779E-4769-B938-6C3FD6B3DD27}.Debug|Any CPU.ActiveCfg = Debug|Any CPU
		{7FA1AFE9-779E-4769-B938-6C3FD6B3DD27}.Debug|Any CPU.Build.0 = Debug|Any CPU
		{7FA1AFE9-779E-4769-B938-6C3FD6B3DD27}.Debug|Mixed Platforms.ActiveCfg = Debug|Any CPU
		{7FA1AFE9-779E-4769-B938-6C3FD6B3DD27}.Debug|Mixed Platforms.Build.0 = Debug|Any CPU
		{7FA1AFE9-779E-4769-B938-6C3FD6B3DD27}.Debug|x86.ActiveCfg = Debug|Any CPU
		{7FA1AFE9-779E-4769-B938-6C3FD6B3DD27}.Release|Any CPU.ActiveCfg = Release|Any CPU
		{7FA1AFE9-779E-4769-B938-6C3FD6B3DD27}.Release|Any CPU.Build.0 = Release|Any CPU
		{7FA1AFE9-779E-4769-B938-6C3FD6B3DD27}.Release|Mixed Platforms.ActiveCfg = Release|Any CPU
		{7FA1AFE9-779E-4769-B938-6C3FD6B3DD27}.Release|Mixed Platforms.Build.0 = Release|Any CPU
		{7FA1AFE9-779E-4769-B938-6C3FD6B3DD27}.Release|x86.ActiveCfg = Release|Any CPU
		{4AA5F6E6-162A-48B7-A7CB-5D8F0ACC0B90}.Debug|Any CPU.ActiveCfg = Debug|Any CPU
		{4AA5F6E6-162A-48B7-A7CB-5D8F0ACC0B90}.Debug|Any CPU.Build.0 = Debug|Any CPU
		{4AA5F6E6-162A-48B7-A7CB-5D8F0ACC0B90}.Debug|Mixed Platforms.ActiveCfg = Debug|Any CPU
		{4AA5F6E6-162A-48B7-A7CB-5D8F0ACC0B90}.Debug|Mixed Platforms.Build.0 = Debug|Any CPU
		{4AA5F6E6-162A-48B7-A7CB-5D8F0ACC0B90}.Debug|x86.ActiveCfg = Debug|Any CPU
		{4AA5F6E6-162A-48B7-A7CB-5D8F0ACC0B90}.Release|Any CPU.ActiveCfg = Release|Any CPU
		{4AA5F6E6-162A-48B7-A7CB-5D8F0ACC0B90}.Release|Any CPU.Build.0 = Release|Any CPU
		{4AA5F6E6-162A-48B7-A7CB-5D8F0ACC0B90}.Release|Mixed Platforms.ActiveCfg = Release|Any CPU
		{4AA5F6E6-162A-48B7-A7CB-5D8F0ACC0B90}.Release|Mixed Platforms.Build.0 = Release|Any CPU
		{4AA5F6E6-162A-48B7-A7CB-5D8F0ACC0B90}.Release|x86.ActiveCfg = Release|Any CPU
		{5727EC22-6F16-47F5-ACA4-C3DF0C351A70}.Debug|Any CPU.ActiveCfg = Debug|Any CPU
		{5727EC22-6F16-47F5-ACA4-C3DF0C351A70}.Debug|Any CPU.Build.0 = Debug|Any CPU
		{5727EC22-6F16-47F5-ACA4-C3DF0C351A70}.Debug|Mixed Platforms.ActiveCfg = Debug|Any CPU
		{5727EC22-6F16-47F5-ACA4-C3DF0C351A70}.Debug|Mixed Platforms.Build.0 = Debug|Any CPU
		{5727EC22-6F16-47F5-ACA4-C3DF0C351A70}.Debug|x86.ActiveCfg = Debug|Any CPU
		{5727EC22-6F16-47F5-ACA4-C3DF0C351A70}.Release|Any CPU.ActiveCfg = Release|Any CPU
		{5727EC22-6F16-47F5-ACA4-C3DF0C351A70}.Release|Any CPU.Build.0 = Release|Any CPU
		{5727EC22-6F16-47F5-ACA4-C3DF0C351A70}.Release|Mixed Platforms.ActiveCfg = Release|Any CPU
		{5727EC22-6F16-47F5-ACA4-C3DF0C351A70}.Release|Mixed Platforms.Build.0 = Release|Any CPU
		{5727EC22-6F16-47F5-ACA4-C3DF0C351A70}.Release|x86.ActiveCfg = Release|Any CPU
		{6DCA47A7-0CFC-48E9-91E1-66BA0CB5A8F1}.Debug|Any CPU.ActiveCfg = Debug|Any CPU
		{6DCA47A7-0CFC-48E9-91E1-66BA0CB5A8F1}.Debug|Any CPU.Build.0 = Debug|Any CPU
		{6DCA47A7-0CFC-48E9-91E1-66BA0CB5A8F1}.Debug|Mixed Platforms.ActiveCfg = Debug|Any CPU
		{6DCA47A7-0CFC-48E9-91E1-66BA0CB5A8F1}.Debug|Mixed Platforms.Build.0 = Debug|Any CPU
		{6DCA47A7-0CFC-48E9-91E1-66BA0CB5A8F1}.Debug|x86.ActiveCfg = Debug|Any CPU
		{6DCA47A7-0CFC-48E9-91E1-66BA0CB5A8F1}.Release|Any CPU.ActiveCfg = Release|Any CPU
		{6DCA47A7-0CFC-48E9-91E1-66BA0CB5A8F1}.Release|Any CPU.Build.0 = Release|Any CPU
		{6DCA47A7-0CFC-48E9-91E1-66BA0CB5A8F1}.Release|Mixed Platforms.ActiveCfg = Release|Any CPU
		{6DCA47A7-0CFC-48E9-91E1-66BA0CB5A8F1}.Release|Mixed Platforms.Build.0 = Release|Any CPU
		{6DCA47A7-0CFC-48E9-91E1-66BA0CB5A8F1}.Release|x86.ActiveCfg = Release|Any CPU
		{06823DA6-E8E7-4302-B857-AEABA466036E}.Debug|Any CPU.ActiveCfg = Debug|Any CPU
		{06823DA6-E8E7-4302-B857-AEABA466036E}.Debug|Any CPU.Build.0 = Debug|Any CPU
		{06823DA6-E8E7-4302-B857-AEABA466036E}.Debug|Mixed Platforms.ActiveCfg = Debug|Any CPU
		{06823DA6-E8E7-4302-B857-AEABA466036E}.Debug|Mixed Platforms.Build.0 = Debug|Any CPU
		{06823DA6-E8E7-4302-B857-AEABA466036E}.Debug|x86.ActiveCfg = Debug|Any CPU
		{06823DA6-E8E7-4302-B857-AEABA466036E}.Release|Any CPU.ActiveCfg = Release|Any CPU
		{06823DA6-E8E7-4302-B857-AEABA466036E}.Release|Any CPU.Build.0 = Release|Any CPU
		{06823DA6-E8E7-4302-B857-AEABA466036E}.Release|Mixed Platforms.ActiveCfg = Release|Any CPU
		{06823DA6-E8E7-4302-B857-AEABA466036E}.Release|Mixed Platforms.Build.0 = Release|Any CPU
		{06823DA6-E8E7-4302-B857-AEABA466036E}.Release|x86.ActiveCfg = Release|Any CPU
		{115BF767-22BA-41D0-BEB6-327855848394}.Debug|Any CPU.ActiveCfg = Debug|Any CPU
		{115BF767-22BA-41D0-BEB6-327855848394}.Debug|Any CPU.Build.0 = Debug|Any CPU
		{115BF767-22BA-41D0-BEB6-327855848394}.Debug|Mixed Platforms.ActiveCfg = Debug|Any CPU
		{115BF767-22BA-41D0-BEB6-327855848394}.Debug|Mixed Platforms.Build.0 = Debug|Any CPU
		{115BF767-22BA-41D0-BEB6-327855848394}.Debug|x86.ActiveCfg = Debug|Any CPU
		{115BF767-22BA-41D0-BEB6-327855848394}.Release|Any CPU.ActiveCfg = Release|Any CPU
		{115BF767-22BA-41D0-BEB6-327855848394}.Release|Any CPU.Build.0 = Release|Any CPU
		{115BF767-22BA-41D0-BEB6-327855848394}.Release|Mixed Platforms.ActiveCfg = Release|Any CPU
		{115BF767-22BA-41D0-BEB6-327855848394}.Release|Mixed Platforms.Build.0 = Release|Any CPU
		{115BF767-22BA-41D0-BEB6-327855848394}.Release|x86.ActiveCfg = Release|Any CPU
		{5E2C2DDE-A08B-45B3-9DD5-5C05FF6A3B07}.Debug|Any CPU.ActiveCfg = Debug|Any CPU
		{5E2C2DDE-A08B-45B3-9DD5-5C05FF6A3B07}.Debug|Any CPU.Build.0 = Debug|Any CPU
		{5E2C2DDE-A08B-45B3-9DD5-5C05FF6A3B07}.Debug|Mixed Platforms.ActiveCfg = Debug|Any CPU
		{5E2C2DDE-A08B-45B3-9DD5-5C05FF6A3B07}.Debug|Mixed Platforms.Build.0 = Debug|Any CPU
		{5E2C2DDE-A08B-45B3-9DD5-5C05FF6A3B07}.Debug|x86.ActiveCfg = Debug|Any CPU
		{5E2C2DDE-A08B-45B3-9DD5-5C05FF6A3B07}.Release|Any CPU.ActiveCfg = Release|Any CPU
		{5E2C2DDE-A08B-45B3-9DD5-5C05FF6A3B07}.Release|Any CPU.Build.0 = Release|Any CPU
		{5E2C2DDE-A08B-45B3-9DD5-5C05FF6A3B07}.Release|Mixed Platforms.ActiveCfg = Release|Any CPU
		{5E2C2DDE-A08B-45B3-9DD5-5C05FF6A3B07}.Release|Mixed Platforms.Build.0 = Release|Any CPU
		{5E2C2DDE-A08B-45B3-9DD5-5C05FF6A3B07}.Release|x86.ActiveCfg = Release|Any CPU
		{5DA9E20D-6155-40A5-A078-A6ED629DEA29}.Debug|Any CPU.ActiveCfg = Debug|Any CPU
		{5DA9E20D-6155-40A5-A078-A6ED629DEA29}.Debug|Any CPU.Build.0 = Debug|Any CPU
		{5DA9E20D-6155-40A5-A078-A6ED629DEA29}.Debug|Mixed Platforms.ActiveCfg = Debug|Any CPU
		{5DA9E20D-6155-40A5-A078-A6ED629DEA29}.Debug|Mixed Platforms.Build.0 = Debug|Any CPU
		{5DA9E20D-6155-40A5-A078-A6ED629DEA29}.Debug|x86.ActiveCfg = Debug|Any CPU
		{5DA9E20D-6155-40A5-A078-A6ED629DEA29}.Release|Any CPU.ActiveCfg = Release|Any CPU
		{5DA9E20D-6155-40A5-A078-A6ED629DEA29}.Release|Any CPU.Build.0 = Release|Any CPU
		{5DA9E20D-6155-40A5-A078-A6ED629DEA29}.Release|Mixed Platforms.ActiveCfg = Release|Any CPU
		{5DA9E20D-6155-40A5-A078-A6ED629DEA29}.Release|Mixed Platforms.Build.0 = Release|Any CPU
		{5DA9E20D-6155-40A5-A078-A6ED629DEA29}.Release|x86.ActiveCfg = Release|Any CPU
		{424F6D5B-B075-48BD-921B-0A7A0912209E}.Debug|Any CPU.ActiveCfg = Debug|x86
		{424F6D5B-B075-48BD-921B-0A7A0912209E}.Debug|Mixed Platforms.ActiveCfg = Debug|x86
		{424F6D5B-B075-48BD-921B-0A7A0912209E}.Debug|Mixed Platforms.Build.0 = Debug|x86
		{424F6D5B-B075-48BD-921B-0A7A0912209E}.Debug|x86.ActiveCfg = Debug|x86
		{424F6D5B-B075-48BD-921B-0A7A0912209E}.Debug|x86.Build.0 = Debug|x86
		{424F6D5B-B075-48BD-921B-0A7A0912209E}.Release|Any CPU.ActiveCfg = Release|x86
		{424F6D5B-B075-48BD-921B-0A7A0912209E}.Release|Mixed Platforms.ActiveCfg = Release|x86
		{424F6D5B-B075-48BD-921B-0A7A0912209E}.Release|Mixed Platforms.Build.0 = Release|x86
		{424F6D5B-B075-48BD-921B-0A7A0912209E}.Release|x86.ActiveCfg = Release|x86
		{424F6D5B-B075-48BD-921B-0A7A0912209E}.Release|x86.Build.0 = Release|x86
		{1C547D65-D0E9-46DD-BC8C-1A1B908CE157}.Debug|Any CPU.ActiveCfg = Debug|x86
		{1C547D65-D0E9-46DD-BC8C-1A1B908CE157}.Debug|Mixed Platforms.ActiveCfg = Debug|x86
		{1C547D65-D0E9-46DD-BC8C-1A1B908CE157}.Debug|Mixed Platforms.Build.0 = Debug|x86
		{1C547D65-D0E9-46DD-BC8C-1A1B908CE157}.Debug|x86.ActiveCfg = Debug|x86
		{1C547D65-D0E9-46DD-BC8C-1A1B908CE157}.Debug|x86.Build.0 = Debug|x86
		{1C547D65-D0E9-46DD-BC8C-1A1B908CE157}.Release|Any CPU.ActiveCfg = Release|x86
		{1C547D65-D0E9-46DD-BC8C-1A1B908CE157}.Release|Mixed Platforms.ActiveCfg = Release|x86
		{1C547D65-D0E9-46DD-BC8C-1A1B908CE157}.Release|Mixed Platforms.Build.0 = Release|x86
		{1C547D65-D0E9-46DD-BC8C-1A1B908CE157}.Release|x86.ActiveCfg = Release|x86
		{1C547D65-D0E9-46DD-BC8C-1A1B908CE157}.Release|x86.Build.0 = Release|x86
		{DB522F5B-3659-4BF4-A7E1-4B3EB8CADEC1}.Debug|Any CPU.ActiveCfg = Debug|x86
		{DB522F5B-3659-4BF4-A7E1-4B3EB8CADEC1}.Debug|Mixed Platforms.ActiveCfg = Debug|x86
		{DB522F5B-3659-4BF4-A7E1-4B3EB8CADEC1}.Debug|Mixed Platforms.Build.0 = Debug|x86
		{DB522F5B-3659-4BF4-A7E1-4B3EB8CADEC1}.Debug|x86.ActiveCfg = Debug|x86
		{DB522F5B-3659-4BF4-A7E1-4B3EB8CADEC1}.Debug|x86.Build.0 = Debug|x86
		{DB522F5B-3659-4BF4-A7E1-4B3EB8CADEC1}.Release|Any CPU.ActiveCfg = Release|x86
		{DB522F5B-3659-4BF4-A7E1-4B3EB8CADEC1}.Release|Mixed Platforms.ActiveCfg = Release|x86
		{DB522F5B-3659-4BF4-A7E1-4B3EB8CADEC1}.Release|Mixed Platforms.Build.0 = Release|x86
		{DB522F5B-3659-4BF4-A7E1-4B3EB8CADEC1}.Release|x86.ActiveCfg = Release|x86
		{DB522F5B-3659-4BF4-A7E1-4B3EB8CADEC1}.Release|x86.Build.0 = Release|x86
		{FDA552F7-A792-4F4E-AF3A-81626EC4C184}.Debug|Any CPU.ActiveCfg = Debug|x86
		{FDA552F7-A792-4F4E-AF3A-81626EC4C184}.Debug|Mixed Platforms.ActiveCfg = Debug|x86
		{FDA552F7-A792-4F4E-AF3A-81626EC4C184}.Debug|Mixed Platforms.Build.0 = Debug|x86
		{FDA552F7-A792-4F4E-AF3A-81626EC4C184}.Debug|x86.ActiveCfg = Debug|x86
		{FDA552F7-A792-4F4E-AF3A-81626EC4C184}.Debug|x86.Build.0 = Debug|x86
		{FDA552F7-A792-4F4E-AF3A-81626EC4C184}.Release|Any CPU.ActiveCfg = Release|x86
		{FDA552F7-A792-4F4E-AF3A-81626EC4C184}.Release|Mixed Platforms.ActiveCfg = Release|x86
		{FDA552F7-A792-4F4E-AF3A-81626EC4C184}.Release|Mixed Platforms.Build.0 = Release|x86
		{FDA552F7-A792-4F4E-AF3A-81626EC4C184}.Release|x86.ActiveCfg = Release|x86
		{FDA552F7-A792-4F4E-AF3A-81626EC4C184}.Release|x86.Build.0 = Release|x86
		{1FED8D18-0BF6-4DE5-BC58-7C5DA8F5CA2D}.Debug|Any CPU.ActiveCfg = Debug|x86
		{1FED8D18-0BF6-4DE5-BC58-7C5DA8F5CA2D}.Debug|Mixed Platforms.ActiveCfg = Debug|x86
		{1FED8D18-0BF6-4DE5-BC58-7C5DA8F5CA2D}.Debug|Mixed Platforms.Build.0 = Debug|x86
		{1FED8D18-0BF6-4DE5-BC58-7C5DA8F5CA2D}.Debug|x86.ActiveCfg = Debug|x86
		{1FED8D18-0BF6-4DE5-BC58-7C5DA8F5CA2D}.Debug|x86.Build.0 = Debug|x86
		{1FED8D18-0BF6-4DE5-BC58-7C5DA8F5CA2D}.Release|Any CPU.ActiveCfg = Release|x86
		{1FED8D18-0BF6-4DE5-BC58-7C5DA8F5CA2D}.Release|Mixed Platforms.ActiveCfg = Release|x86
		{1FED8D18-0BF6-4DE5-BC58-7C5DA8F5CA2D}.Release|Mixed Platforms.Build.0 = Release|x86
		{1FED8D18-0BF6-4DE5-BC58-7C5DA8F5CA2D}.Release|x86.ActiveCfg = Release|x86
		{1FED8D18-0BF6-4DE5-BC58-7C5DA8F5CA2D}.Release|x86.Build.0 = Release|x86
		{A79D9FD3-3D31-492E-97F2-FF016FFDAE1F}.Debug|Any CPU.ActiveCfg = Debug|x86
		{A79D9FD3-3D31-492E-97F2-FF016FFDAE1F}.Debug|Mixed Platforms.ActiveCfg = Debug|x86
		{A79D9FD3-3D31-492E-97F2-FF016FFDAE1F}.Debug|Mixed Platforms.Build.0 = Debug|x86
		{A79D9FD3-3D31-492E-97F2-FF016FFDAE1F}.Debug|x86.ActiveCfg = Debug|x86
		{A79D9FD3-3D31-492E-97F2-FF016FFDAE1F}.Debug|x86.Build.0 = Debug|x86
		{A79D9FD3-3D31-492E-97F2-FF016FFDAE1F}.Release|Any CPU.ActiveCfg = Release|x86
		{A79D9FD3-3D31-492E-97F2-FF016FFDAE1F}.Release|Mixed Platforms.ActiveCfg = Release|x86
		{A79D9FD3-3D31-492E-97F2-FF016FFDAE1F}.Release|Mixed Platforms.Build.0 = Release|x86
		{A79D9FD3-3D31-492E-97F2-FF016FFDAE1F}.Release|x86.ActiveCfg = Release|x86
		{A79D9FD3-3D31-492E-97F2-FF016FFDAE1F}.Release|x86.Build.0 = Release|x86
		{FA223FCD-4D6C-4C06-9A7A-542E9284EBD6}.Debug|Any CPU.ActiveCfg = Debug|x86
		{FA223FCD-4D6C-4C06-9A7A-542E9284EBD6}.Debug|Mixed Platforms.ActiveCfg = Debug|x86
		{FA223FCD-4D6C-4C06-9A7A-542E9284EBD6}.Debug|Mixed Platforms.Build.0 = Debug|x86
		{FA223FCD-4D6C-4C06-9A7A-542E9284EBD6}.Debug|x86.ActiveCfg = Debug|x86
		{FA223FCD-4D6C-4C06-9A7A-542E9284EBD6}.Debug|x86.Build.0 = Debug|x86
		{FA223FCD-4D6C-4C06-9A7A-542E9284EBD6}.Release|Any CPU.ActiveCfg = Release|x86
		{FA223FCD-4D6C-4C06-9A7A-542E9284EBD6}.Release|Mixed Platforms.ActiveCfg = Release|x86
		{FA223FCD-4D6C-4C06-9A7A-542E9284EBD6}.Release|Mixed Platforms.Build.0 = Release|x86
		{FA223FCD-4D6C-4C06-9A7A-542E9284EBD6}.Release|x86.ActiveCfg = Release|x86
		{FA223FCD-4D6C-4C06-9A7A-542E9284EBD6}.Release|x86.Build.0 = Release|x86
		{DD55D5D1-AFFC-4825-BBF7-E20230517A7E}.Debug|Any CPU.ActiveCfg = Debug|Any CPU
		{DD55D5D1-AFFC-4825-BBF7-E20230517A7E}.Debug|Any CPU.Build.0 = Debug|Any CPU
		{DD55D5D1-AFFC-4825-BBF7-E20230517A7E}.Debug|Mixed Platforms.ActiveCfg = Debug|Any CPU
		{DD55D5D1-AFFC-4825-BBF7-E20230517A7E}.Debug|Mixed Platforms.Build.0 = Debug|Any CPU
		{DD55D5D1-AFFC-4825-BBF7-E20230517A7E}.Debug|x86.ActiveCfg = Debug|Any CPU
		{DD55D5D1-AFFC-4825-BBF7-E20230517A7E}.Release|Any CPU.ActiveCfg = Release|Any CPU
		{DD55D5D1-AFFC-4825-BBF7-E20230517A7E}.Release|Any CPU.Build.0 = Release|Any CPU
		{DD55D5D1-AFFC-4825-BBF7-E20230517A7E}.Release|Mixed Platforms.ActiveCfg = Release|Any CPU
		{DD55D5D1-AFFC-4825-BBF7-E20230517A7E}.Release|Mixed Platforms.Build.0 = Release|Any CPU
		{DD55D5D1-AFFC-4825-BBF7-E20230517A7E}.Release|x86.ActiveCfg = Release|Any CPU
		{918C3DA9-67DC-43A5-9240-D1D5276447A8}.Debug|Any CPU.ActiveCfg = Debug|Any CPU
		{918C3DA9-67DC-43A5-9240-D1D5276447A8}.Debug|Any CPU.Build.0 = Debug|Any CPU
		{918C3DA9-67DC-43A5-9240-D1D5276447A8}.Debug|Mixed Platforms.ActiveCfg = Debug|Any CPU
		{918C3DA9-67DC-43A5-9240-D1D5276447A8}.Debug|Mixed Platforms.Build.0 = Debug|Any CPU
		{918C3DA9-67DC-43A5-9240-D1D5276447A8}.Debug|x86.ActiveCfg = Debug|Any CPU
		{918C3DA9-67DC-43A5-9240-D1D5276447A8}.Release|Any CPU.ActiveCfg = Release|Any CPU
		{918C3DA9-67DC-43A5-9240-D1D5276447A8}.Release|Any CPU.Build.0 = Release|Any CPU
		{918C3DA9-67DC-43A5-9240-D1D5276447A8}.Release|Mixed Platforms.ActiveCfg = Release|Any CPU
		{918C3DA9-67DC-43A5-9240-D1D5276447A8}.Release|Mixed Platforms.Build.0 = Release|Any CPU
		{918C3DA9-67DC-43A5-9240-D1D5276447A8}.Release|x86.ActiveCfg = Release|Any CPU
		{7FF3FCF7-58F2-4AA3-AB60-0496BD300D72}.Debug|Any CPU.ActiveCfg = Debug|x86
		{7FF3FCF7-58F2-4AA3-AB60-0496BD300D72}.Debug|Mixed Platforms.ActiveCfg = Debug|x86
		{7FF3FCF7-58F2-4AA3-AB60-0496BD300D72}.Debug|Mixed Platforms.Build.0 = Debug|x86
		{7FF3FCF7-58F2-4AA3-AB60-0496BD300D72}.Debug|x86.ActiveCfg = Debug|x86
		{7FF3FCF7-58F2-4AA3-AB60-0496BD300D72}.Debug|x86.Build.0 = Debug|x86
		{7FF3FCF7-58F2-4AA3-AB60-0496BD300D72}.Release|Any CPU.ActiveCfg = Release|x86
		{7FF3FCF7-58F2-4AA3-AB60-0496BD300D72}.Release|Mixed Platforms.ActiveCfg = Release|x86
		{7FF3FCF7-58F2-4AA3-AB60-0496BD300D72}.Release|Mixed Platforms.Build.0 = Release|x86
		{7FF3FCF7-58F2-4AA3-AB60-0496BD300D72}.Release|x86.ActiveCfg = Release|x86
		{7FF3FCF7-58F2-4AA3-AB60-0496BD300D72}.Release|x86.Build.0 = Release|x86
		{D23422CD-DBFF-4F2D-96A2-5FF235261A0B}.Debug|Any CPU.ActiveCfg = Debug|Any CPU
		{D23422CD-DBFF-4F2D-96A2-5FF235261A0B}.Debug|Any CPU.Build.0 = Debug|Any CPU
		{D23422CD-DBFF-4F2D-96A2-5FF235261A0B}.Debug|Mixed Platforms.ActiveCfg = Debug|Any CPU
		{D23422CD-DBFF-4F2D-96A2-5FF235261A0B}.Debug|Mixed Platforms.Build.0 = Debug|Any CPU
		{D23422CD-DBFF-4F2D-96A2-5FF235261A0B}.Debug|x86.ActiveCfg = Debug|Any CPU
		{D23422CD-DBFF-4F2D-96A2-5FF235261A0B}.Release|Any CPU.ActiveCfg = Release|Any CPU
		{D23422CD-DBFF-4F2D-96A2-5FF235261A0B}.Release|Any CPU.Build.0 = Release|Any CPU
		{D23422CD-DBFF-4F2D-96A2-5FF235261A0B}.Release|Mixed Platforms.ActiveCfg = Release|Any CPU
		{D23422CD-DBFF-4F2D-96A2-5FF235261A0B}.Release|Mixed Platforms.Build.0 = Release|Any CPU
		{D23422CD-DBFF-4F2D-96A2-5FF235261A0B}.Release|x86.ActiveCfg = Release|Any CPU
		{4601CFB5-20CE-418E-9DB6-0622E9B38BA1}.Debug|Any CPU.ActiveCfg = Debug|Any CPU
		{4601CFB5-20CE-418E-9DB6-0622E9B38BA1}.Debug|Any CPU.Build.0 = Debug|Any CPU
		{4601CFB5-20CE-418E-9DB6-0622E9B38BA1}.Debug|Mixed Platforms.ActiveCfg = Debug|Any CPU
		{4601CFB5-20CE-418E-9DB6-0622E9B38BA1}.Debug|Mixed Platforms.Build.0 = Debug|Any CPU
		{4601CFB5-20CE-418E-9DB6-0622E9B38BA1}.Debug|x86.ActiveCfg = Debug|Any CPU
		{4601CFB5-20CE-418E-9DB6-0622E9B38BA1}.Release|Any CPU.ActiveCfg = Release|Any CPU
		{4601CFB5-20CE-418E-9DB6-0622E9B38BA1}.Release|Any CPU.Build.0 = Release|Any CPU
		{4601CFB5-20CE-418E-9DB6-0622E9B38BA1}.Release|Mixed Platforms.ActiveCfg = Release|Any CPU
		{4601CFB5-20CE-418E-9DB6-0622E9B38BA1}.Release|Mixed Platforms.Build.0 = Release|Any CPU
		{4601CFB5-20CE-418E-9DB6-0622E9B38BA1}.Release|x86.ActiveCfg = Release|Any CPU
		{D07C3835-1CAE-4CF1-A26C-4AD80EDBE3B8}.Debug|Any CPU.ActiveCfg = Debug|Any CPU
		{D07C3835-1CAE-4CF1-A26C-4AD80EDBE3B8}.Debug|Any CPU.Build.0 = Debug|Any CPU
		{D07C3835-1CAE-4CF1-A26C-4AD80EDBE3B8}.Debug|Mixed Platforms.ActiveCfg = Debug|Any CPU
		{D07C3835-1CAE-4CF1-A26C-4AD80EDBE3B8}.Debug|Mixed Platforms.Build.0 = Debug|Any CPU
		{D07C3835-1CAE-4CF1-A26C-4AD80EDBE3B8}.Debug|x86.ActiveCfg = Debug|Any CPU
		{D07C3835-1CAE-4CF1-A26C-4AD80EDBE3B8}.Release|Any CPU.ActiveCfg = Release|Any CPU
		{D07C3835-1CAE-4CF1-A26C-4AD80EDBE3B8}.Release|Any CPU.Build.0 = Release|Any CPU
		{D07C3835-1CAE-4CF1-A26C-4AD80EDBE3B8}.Release|Mixed Platforms.ActiveCfg = Release|Any CPU
		{D07C3835-1CAE-4CF1-A26C-4AD80EDBE3B8}.Release|Mixed Platforms.Build.0 = Release|Any CPU
		{D07C3835-1CAE-4CF1-A26C-4AD80EDBE3B8}.Release|x86.ActiveCfg = Release|Any CPU
		{1192185D-A16C-401E-8330-1941B7F115CD}.Debug|Any CPU.ActiveCfg = Debug|Any CPU
		{1192185D-A16C-401E-8330-1941B7F115CD}.Debug|Any CPU.Build.0 = Debug|Any CPU
		{1192185D-A16C-401E-8330-1941B7F115CD}.Debug|Mixed Platforms.ActiveCfg = Debug|Any CPU
		{1192185D-A16C-401E-8330-1941B7F115CD}.Debug|Mixed Platforms.Build.0 = Debug|Any CPU
		{1192185D-A16C-401E-8330-1941B7F115CD}.Debug|x86.ActiveCfg = Debug|Any CPU
		{1192185D-A16C-401E-8330-1941B7F115CD}.Release|Any CPU.ActiveCfg = Release|Any CPU
		{1192185D-A16C-401E-8330-1941B7F115CD}.Release|Any CPU.Build.0 = Release|Any CPU
		{1192185D-A16C-401E-8330-1941B7F115CD}.Release|Mixed Platforms.ActiveCfg = Release|Any CPU
		{1192185D-A16C-401E-8330-1941B7F115CD}.Release|Mixed Platforms.Build.0 = Release|Any CPU
		{1192185D-A16C-401E-8330-1941B7F115CD}.Release|x86.ActiveCfg = Release|Any CPU
		{2C15DC6E-501E-4284-9D66-393F67B1AC6C}.Debug|Any CPU.ActiveCfg = Debug|Any CPU
		{2C15DC6E-501E-4284-9D66-393F67B1AC6C}.Debug|Any CPU.Build.0 = Debug|Any CPU
		{2C15DC6E-501E-4284-9D66-393F67B1AC6C}.Debug|Mixed Platforms.ActiveCfg = Debug|Any CPU
		{2C15DC6E-501E-4284-9D66-393F67B1AC6C}.Debug|Mixed Platforms.Build.0 = Debug|Any CPU
		{2C15DC6E-501E-4284-9D66-393F67B1AC6C}.Debug|x86.ActiveCfg = Debug|Any CPU
		{2C15DC6E-501E-4284-9D66-393F67B1AC6C}.Release|Any CPU.ActiveCfg = Release|Any CPU
		{2C15DC6E-501E-4284-9D66-393F67B1AC6C}.Release|Any CPU.Build.0 = Release|Any CPU
		{2C15DC6E-501E-4284-9D66-393F67B1AC6C}.Release|Mixed Platforms.ActiveCfg = Release|Any CPU
		{2C15DC6E-501E-4284-9D66-393F67B1AC6C}.Release|Mixed Platforms.Build.0 = Release|Any CPU
		{2C15DC6E-501E-4284-9D66-393F67B1AC6C}.Release|x86.ActiveCfg = Release|Any CPU
	EndGlobalSection
	GlobalSection(SolutionProperties) = preSolution
		HideSolutionNode = FALSE
	EndGlobalSection
EndGlobal
