
Microsoft Visual Studio Solution File, Format Version 12.00
# Visual Studio 2012
Project("{FAE04EC0-301F-11D3-BF4B-00C04F79EFBC}") = "SingletonConexao", "SingletonConexao\SingletonConexao.csproj", "{4AA5F6E6-162A-48B7-A7CB-5D8F0ACC0B90}"
EndProject
Project("{FAE04EC0-301F-11D3-BF4B-00C04F79EFBC}") = "TestesUnitarios", "TestesUnitarios\TestesUnitarios.csproj", "{5727EC22-6F16-47F5-ACA4-C3DF0C351A70}"
EndProject
Project("{FAE04EC0-301F-11D3-BF4B-00C04F79EFBC}") = "FactoryPagamento", "FactoryPagamento\FactoryPagamento.csproj", "{85FD76D1-11BD-480C-A6E2-B98F5B77A633}"
EndProject
Project("{FAE04EC0-301F-11D3-BF4B-00C04F79EFBC}") = "AdapterLog", "AdapterLog\AdapterLog.csproj", "{23074060-070E-41DA-BF02-934367797B5D}"
EndProject
Project("{FAE04EC0-301F-11D3-BF4B-00C04F79EFBC}") = "DecoratorFormatandoTextos", "DecoratorFormatandoTextos\DecoratorFormatandoTextos.csproj", "{C8DF7313-5789-4EC7-82CB-51C8C71F2799}"
EndProject
Project("{FAE04EC0-301F-11D3-BF4B-00C04F79EFBC}") = "CommandTV", "CommandTV\CommandTV.csproj", "{6DCA47A7-0CFC-48E9-91E1-66BA0CB5A8F1}"
EndProject
Project("{FAE04EC0-301F-11D3-BF4B-00C04F79EFBC}") = "ObserverChegadaDeArquivo", "ObserverChegadaDeArquivo\ObserverChegadaDeArquivo.csproj", "{7FA1AFE9-779E-4769-B938-6C3FD6B3DD27}"
EndProject
Global
	GlobalSection(SolutionConfigurationPlatforms) = preSolution
		Debug|Any CPU = Debug|Any CPU
		Release|Any CPU = Release|Any CPU
	EndGlobalSection
	GlobalSection(ProjectConfigurationPlatforms) = postSolution
		{4AA5F6E6-162A-48B7-A7CB-5D8F0ACC0B90}.Debug|Any CPU.ActiveCfg = Debug|Any CPU
		{4AA5F6E6-162A-48B7-A7CB-5D8F0ACC0B90}.Debug|Any CPU.Build.0 = Debug|Any CPU
		{4AA5F6E6-162A-48B7-A7CB-5D8F0ACC0B90}.Release|Any CPU.ActiveCfg = Release|Any CPU
		{4AA5F6E6-162A-48B7-A7CB-5D8F0ACC0B90}.Release|Any CPU.Build.0 = Release|Any CPU
		{5727EC22-6F16-47F5-ACA4-C3DF0C351A70}.Debug|Any CPU.ActiveCfg = Debug|Any CPU
		{5727EC22-6F16-47F5-ACA4-C3DF0C351A70}.Debug|Any CPU.Build.0 = Debug|Any CPU
		{5727EC22-6F16-47F5-ACA4-C3DF0C351A70}.Release|Any CPU.ActiveCfg = Release|Any CPU
		{5727EC22-6F16-47F5-ACA4-C3DF0C351A70}.Release|Any CPU.Build.0 = Release|Any CPU
		{85FD76D1-11BD-480C-A6E2-B98F5B77A633}.Debug|Any CPU.ActiveCfg = Debug|Any CPU
		{85FD76D1-11BD-480C-A6E2-B98F5B77A633}.Debug|Any CPU.Build.0 = Debug|Any CPU
		{85FD76D1-11BD-480C-A6E2-B98F5B77A633}.Release|Any CPU.ActiveCfg = Release|Any CPU
		{85FD76D1-11BD-480C-A6E2-B98F5B77A633}.Release|Any CPU.Build.0 = Release|Any CPU
		{23074060-070E-41DA-BF02-934367797B5D}.Debug|Any CPU.ActiveCfg = Debug|Any CPU
		{23074060-070E-41DA-BF02-934367797B5D}.Debug|Any CPU.Build.0 = Debug|Any CPU
		{23074060-070E-41DA-BF02-934367797B5D}.Release|Any CPU.ActiveCfg = Release|Any CPU
		{23074060-070E-41DA-BF02-934367797B5D}.Release|Any CPU.Build.0 = Release|Any CPU
		{C8DF7313-5789-4EC7-82CB-51C8C71F2799}.Debug|Any CPU.ActiveCfg = Debug|Any CPU
		{C8DF7313-5789-4EC7-82CB-51C8C71F2799}.Debug|Any CPU.Build.0 = Debug|Any CPU
		{C8DF7313-5789-4EC7-82CB-51C8C71F2799}.Release|Any CPU.ActiveCfg = Release|Any CPU
		{C8DF7313-5789-4EC7-82CB-51C8C71F2799}.Release|Any CPU.Build.0 = Release|Any CPU
		{6DCA47A7-0CFC-48E9-91E1-66BA0CB5A8F1}.Debug|Any CPU.ActiveCfg = Debug|Any CPU
		{6DCA47A7-0CFC-48E9-91E1-66BA0CB5A8F1}.Debug|Any CPU.Build.0 = Debug|Any CPU
		{6DCA47A7-0CFC-48E9-91E1-66BA0CB5A8F1}.Release|Any CPU.ActiveCfg = Release|Any CPU
		{6DCA47A7-0CFC-48E9-91E1-66BA0CB5A8F1}.Release|Any CPU.Build.0 = Release|Any CPU
		{7FA1AFE9-779E-4769-B938-6C3FD6B3DD27}.Debug|Any CPU.ActiveCfg = Debug|Any CPU
		{7FA1AFE9-779E-4769-B938-6C3FD6B3DD27}.Debug|Any CPU.Build.0 = Debug|Any CPU
		{7FA1AFE9-779E-4769-B938-6C3FD6B3DD27}.Release|Any CPU.ActiveCfg = Release|Any CPU
		{7FA1AFE9-779E-4769-B938-6C3FD6B3DD27}.Release|Any CPU.Build.0 = Release|Any CPU
	EndGlobalSection
	GlobalSection(SolutionProperties) = preSolution
		HideSolutionNode = FALSE
	EndGlobalSection
EndGlobal
